
Microsoft Visual Studio Solution File, Format Version 12.00
# Visual Studio 15
VisualStudioVersion = 15.0.26124.0
MinimumVisualStudioVersion = 15.0.26124.0
Project("{FAE04EC0-301F-11D3-BF4B-00C04F79EFBC}") = "GeometryVisualizer", "GeometryVisualizer\GeometryVisualizer.csproj", "{3FF1D132-F5BF-48FC-AEB9-E1E9C490A127}"
EndProject
Project("{FAE04EC0-301F-11D3-BF4B-00C04F79EFBC}") = "GeometryVisualizer.Communication", "GeometryVisualizer.Communication\GeometryVisualizer.Communication.csproj", "{F2F55147-854C-4B6F-A301-78CC27A011AA}"
EndProject
Project("{FAE04EC0-301F-11D3-BF4B-00C04F79EFBC}") = "GeometryVisualizer.Console", "GeometryVisualizer.Console\GeometryVisualizer.Console.csproj", "{AE52F157-54D4-4B04-A5E6-9D28F9155743}"
EndProject
Project("{FAE04EC0-301F-11D3-BF4B-00C04F79EFBC}") = "GeometryVisualizer.Process", "GeometryVisualizer.Process\GeometryVisualizer.Process.csproj", "{56214014-BD42-437E-9F5D-0E23D4893AA3}"
EndProject
Project("{FAE04EC0-301F-11D3-BF4B-00C04F79EFBC}") = "GeometryVisualizer.Tests", "GeometryVisualizer.Tests\GeometryVisualizer.Tests.csproj", "{74C72A65-9377-42CB-970B-9146F068DC79}"
EndProject
Project("{FAE04EC0-301F-11D3-BF4B-00C04F79EFBC}") = "GeometryVisualizer.Unity", "GeometryVisualizer.Unity\GeometryVisualizer.Unity.csproj", "{90F56F2B-86EC-47C1-9B1A-4A6CA463CA62}"
EndProject
Global
	GlobalSection(SolutionConfigurationPlatforms) = preSolution
		Debug|Any CPU = Debug|Any CPU
		Debug|x64 = Debug|x64
		Debug|x86 = Debug|x86
		Release|Any CPU = Release|Any CPU
		Release|x64 = Release|x64
		Release|x86 = Release|x86
	EndGlobalSection
	GlobalSection(SolutionProperties) = preSolution
		HideSolutionNode = FALSE
	EndGlobalSection
	GlobalSection(ProjectConfigurationPlatforms) = postSolution
		{3FF1D132-F5BF-48FC-AEB9-E1E9C490A127}.Debug|Any CPU.ActiveCfg = Debug|Any CPU
		{3FF1D132-F5BF-48FC-AEB9-E1E9C490A127}.Debug|Any CPU.Build.0 = Debug|Any CPU
		{3FF1D132-F5BF-48FC-AEB9-E1E9C490A127}.Debug|x64.ActiveCfg = Debug|Any CPU
		{3FF1D132-F5BF-48FC-AEB9-E1E9C490A127}.Debug|x64.Build.0 = Debug|Any CPU
		{3FF1D132-F5BF-48FC-AEB9-E1E9C490A127}.Debug|x86.ActiveCfg = Debug|Any CPU
		{3FF1D132-F5BF-48FC-AEB9-E1E9C490A127}.Debug|x86.Build.0 = Debug|Any CPU
		{3FF1D132-F5BF-48FC-AEB9-E1E9C490A127}.Release|Any CPU.ActiveCfg = Release|Any CPU
		{3FF1D132-F5BF-48FC-AEB9-E1E9C490A127}.Release|Any CPU.Build.0 = Release|Any CPU
		{3FF1D132-F5BF-48FC-AEB9-E1E9C490A127}.Release|x64.ActiveCfg = Release|Any CPU
		{3FF1D132-F5BF-48FC-AEB9-E1E9C490A127}.Release|x64.Build.0 = Release|Any CPU
		{3FF1D132-F5BF-48FC-AEB9-E1E9C490A127}.Release|x86.ActiveCfg = Release|Any CPU
		{3FF1D132-F5BF-48FC-AEB9-E1E9C490A127}.Release|x86.Build.0 = Release|Any CPU
		{F2F55147-854C-4B6F-A301-78CC27A011AA}.Debug|Any CPU.ActiveCfg = Debug|Any CPU
		{F2F55147-854C-4B6F-A301-78CC27A011AA}.Debug|Any CPU.Build.0 = Debug|Any CPU
		{F2F55147-854C-4B6F-A301-78CC27A011AA}.Debug|x64.ActiveCfg = Debug|Any CPU
		{F2F55147-854C-4B6F-A301-78CC27A011AA}.Debug|x64.Build.0 = Debug|Any CPU
		{F2F55147-854C-4B6F-A301-78CC27A011AA}.Debug|x86.ActiveCfg = Debug|Any CPU
		{F2F55147-854C-4B6F-A301-78CC27A011AA}.Debug|x86.Build.0 = Debug|Any CPU
		{F2F55147-854C-4B6F-A301-78CC27A011AA}.Release|Any CPU.ActiveCfg = Release|Any CPU
		{F2F55147-854C-4B6F-A301-78CC27A011AA}.Release|Any CPU.Build.0 = Release|Any CPU
		{F2F55147-854C-4B6F-A301-78CC27A011AA}.Release|x64.ActiveCfg = Release|Any CPU
		{F2F55147-854C-4B6F-A301-78CC27A011AA}.Release|x64.Build.0 = Release|Any CPU
		{F2F55147-854C-4B6F-A301-78CC27A011AA}.Release|x86.ActiveCfg = Release|Any CPU
		{F2F55147-854C-4B6F-A301-78CC27A011AA}.Release|x86.Build.0 = Release|Any CPU
		{AE52F157-54D4-4B04-A5E6-9D28F9155743}.Debug|Any CPU.ActiveCfg = Debug|Any CPU
		{AE52F157-54D4-4B04-A5E6-9D28F9155743}.Debug|Any CPU.Build.0 = Debug|Any CPU
		{AE52F157-54D4-4B04-A5E6-9D28F9155743}.Debug|x64.ActiveCfg = Debug|Any CPU
		{AE52F157-54D4-4B04-A5E6-9D28F9155743}.Debug|x64.Build.0 = Debug|Any CPU
		{AE52F157-54D4-4B04-A5E6-9D28F9155743}.Debug|x86.ActiveCfg = Debug|Any CPU
		{AE52F157-54D4-4B04-A5E6-9D28F9155743}.Debug|x86.Build.0 = Debug|Any CPU
		{AE52F157-54D4-4B04-A5E6-9D28F9155743}.Release|Any CPU.ActiveCfg = Release|Any CPU
		{AE52F157-54D4-4B04-A5E6-9D28F9155743}.Release|Any CPU.Build.0 = Release|Any CPU
		{AE52F157-54D4-4B04-A5E6-9D28F9155743}.Release|x64.ActiveCfg = Release|Any CPU
		{AE52F157-54D4-4B04-A5E6-9D28F9155743}.Release|x64.Build.0 = Release|Any CPU
		{AE52F157-54D4-4B04-A5E6-9D28F9155743}.Release|x86.ActiveCfg = Release|Any CPU
		{AE52F157-54D4-4B04-A5E6-9D28F9155743}.Release|x86.Build.0 = Release|Any CPU
		{56214014-BD42-437E-9F5D-0E23D4893AA3}.Debug|Any CPU.ActiveCfg = Debug|Any CPU
		{56214014-BD42-437E-9F5D-0E23D4893AA3}.Debug|Any CPU.Build.0 = Debug|Any CPU
		{56214014-BD42-437E-9F5D-0E23D4893AA3}.Debug|x64.ActiveCfg = Debug|Any CPU
		{56214014-BD42-437E-9F5D-0E23D4893AA3}.Debug|x64.Build.0 = Debug|Any CPU
		{56214014-BD42-437E-9F5D-0E23D4893AA3}.Debug|x86.ActiveCfg = Debug|Any CPU
		{56214014-BD42-437E-9F5D-0E23D4893AA3}.Debug|x86.Build.0 = Debug|Any CPU
		{56214014-BD42-437E-9F5D-0E23D4893AA3}.Release|Any CPU.ActiveCfg = Release|Any CPU
		{56214014-BD42-437E-9F5D-0E23D4893AA3}.Release|Any CPU.Build.0 = Release|Any CPU
		{56214014-BD42-437E-9F5D-0E23D4893AA3}.Release|x64.ActiveCfg = Release|Any CPU
		{56214014-BD42-437E-9F5D-0E23D4893AA3}.Release|x64.Build.0 = Release|Any CPU
		{56214014-BD42-437E-9F5D-0E23D4893AA3}.Release|x86.ActiveCfg = Release|Any CPU
		{56214014-BD42-437E-9F5D-0E23D4893AA3}.Release|x86.Build.0 = Release|Any CPU
		{74C72A65-9377-42CB-970B-9146F068DC79}.Debug|Any CPU.ActiveCfg = Debug|Any CPU
		{74C72A65-9377-42CB-970B-9146F068DC79}.Debug|Any CPU.Build.0 = Debug|Any CPU
		{74C72A65-9377-42CB-970B-9146F068DC79}.Debug|x64.ActiveCfg = Debug|Any CPU
		{74C72A65-9377-42CB-970B-9146F068DC79}.Debug|x64.Build.0 = Debug|Any CPU
		{74C72A65-9377-42CB-970B-9146F068DC79}.Debug|x86.ActiveCfg = Debug|Any CPU
		{74C72A65-9377-42CB-970B-9146F068DC79}.Debug|x86.Build.0 = Debug|Any CPU
		{74C72A65-9377-42CB-970B-9146F068DC79}.Release|Any CPU.ActiveCfg = Release|Any CPU
		{74C72A65-9377-42CB-970B-9146F068DC79}.Release|Any CPU.Build.0 = Release|Any CPU
		{74C72A65-9377-42CB-970B-9146F068DC79}.Release|x64.ActiveCfg = Release|Any CPU
		{74C72A65-9377-42CB-970B-9146F068DC79}.Release|x64.Build.0 = Release|Any CPU
		{74C72A65-9377-42CB-970B-9146F068DC79}.Release|x86.ActiveCfg = Release|Any CPU
		{74C72A65-9377-42CB-970B-9146F068DC79}.Release|x86.Build.0 = Release|Any CPU
		{90F56F2B-86EC-47C1-9B1A-4A6CA463CA62}.Debug|Any CPU.ActiveCfg = Debug|Any CPU
		{90F56F2B-86EC-47C1-9B1A-4A6CA463CA62}.Debug|Any CPU.Build.0 = Debug|Any CPU
		{90F56F2B-86EC-47C1-9B1A-4A6CA463CA62}.Debug|x64.ActiveCfg = Debug|Any CPU
		{90F56F2B-86EC-47C1-9B1A-4A6CA463CA62}.Debug|x64.Build.0 = Debug|Any CPU
		{90F56F2B-86EC-47C1-9B1A-4A6CA463CA62}.Debug|x86.ActiveCfg = Debug|Any CPU
		{90F56F2B-86EC-47C1-9B1A-4A6CA463CA62}.Debug|x86.Build.0 = Debug|Any CPU
		{90F56F2B-86EC-47C1-9B1A-4A6CA463CA62}.Release|Any CPU.ActiveCfg = Release|Any CPU
		{90F56F2B-86EC-47C1-9B1A-4A6CA463CA62}.Release|Any CPU.Build.0 = Release|Any CPU
		{90F56F2B-86EC-47C1-9B1A-4A6CA463CA62}.Release|x64.ActiveCfg = Release|Any CPU
		{90F56F2B-86EC-47C1-9B1A-4A6CA463CA62}.Release|x64.Build.0 = Release|Any CPU
		{90F56F2B-86EC-47C1-9B1A-4A6CA463CA62}.Release|x86.ActiveCfg = Release|Any CPU
		{90F56F2B-86EC-47C1-9B1A-4A6CA463CA62}.Release|x86.Build.0 = Release|Any CPU
	EndGlobalSection
EndGlobal
